
Microsoft Visual Studio Solution File, Format Version 12.00
# Visual Studio 14
VisualStudioVersion = 14.0.25420.1
MinimumVisualStudioVersion = 10.0.40219.1
Project("{2150E333-8FDC-42A3-9474-1A3956D46DE8}") = "Solution Items", "Solution Items", "{E8C9CCB9-7EE6-4710-8340-FD9E475FFED6}"
	ProjectSection(SolutionItems) = preProject
		ElephantParade.vsmdi = ElephantParade.vsmdi
		Local.testsettings = Local.testsettings
		TraceAndTestImpact.testsettings = TraceAndTestImpact.testsettings
	EndProjectSection
EndProject
Project("{2150E333-8FDC-42A3-9474-1A3956D46DE8}") = "Questionnaire", "Questionnaire", "{8B18F17C-276A-439B-B12A-CB9F35153A21}"
EndProject
Project("{2150E333-8FDC-42A3-9474-1A3956D46DE8}") = "Tests", "Tests", "{32A64F01-2CD5-46C7-BB74-6E64AB9E201B}"
EndProject
Project("{2150E333-8FDC-42A3-9474-1A3956D46DE8}") = ".nuget", ".nuget", "{A3E4687D-15F5-4AE9-A1D5-3067EE998339}"
	ProjectSection(SolutionItems) = preProject
		.nuget\NuGet.Config = .nuget\NuGet.Config
	EndProjectSection
EndProject
Project("{FAE04EC0-301F-11D3-BF4B-00C04F79EFBC}") = "ElephantParade.Web", "ElephantParade.Web\ElephantParade.Web.csproj", "{CEEBA40C-B217-45E4-AE76-6D5F744DF2C5}"
EndProject
Project("{FAE04EC0-301F-11D3-BF4B-00C04F79EFBC}") = "ElephantParade.Domain", "ElephantParade.Domain\ElephantParade.Domain.csproj", "{D5B713AD-A039-478C-9623-64581187B0B1}"
EndProject
Project("{FAE04EC0-301F-11D3-BF4B-00C04F79EFBC}") = "ElephantParade.Core", "ElephantParade.Core\ElephantParade.Core.csproj", "{0AC016D4-F5CF-404A-8C75-E453D59CC9A8}"
EndProject
Project("{FAE04EC0-301F-11D3-BF4B-00C04F79EFBC}") = "ElephantParade.DAL", "ElephantParade.DAL\ElephantParade.DAL.csproj", "{C6DD0634-28DD-4C9D-AF6C-B5A6F0CAA8D9}"
EndProject
Project("{FAE04EC0-301F-11D3-BF4B-00C04F79EFBC}") = "ElephantParade.Core.Tests", "..\UnitTests\ElephantParade.Core.Tests\ElephantParade.Core.Tests.csproj", "{BB8A2E8E-191C-466B-BEDB-CD83D31FF76A}"
EndProject
Project("{FAE04EC0-301F-11D3-BF4B-00C04F79EFBC}") = "ElephantParade.DocumentGenerator", "ElephantParade.DocumentGenerator\ElephantParade.DocumentGenerator.csproj", "{C6B7B55B-9CA1-4C40-A70C-41E5B9257FF7}"
EndProject
Project("{FAE04EC0-301F-11D3-BF4B-00C04F79EFBC}") = "NHSD.ElephantParade.Web.Tests", "..\UnitTests\NHSD.ElephantParade.Web.Tests\NHSD.ElephantParade.Web.Tests.csproj", "{1BFC8C1F-2FE9-4F0E-BCDB-15BB27CFCC2C}"
EndProject
Project("{FAE04EC0-301F-11D3-BF4B-00C04F79EFBC}") = "NHSD.ElephantParade.DocumentGenerator.Tests", "..\UnitTests\NHSD.ElephantParade.DocumentGenerator.Tests\NHSD.ElephantParade.DocumentGenerator.Tests.csproj", "{F2C9CE7E-2CBD-4A62-80A0-C6A4E025A4B7}"
EndProject
Project("{FAE04EC0-301F-11D3-BF4B-00C04F79EFBC}") = "Questionnaire.Core", "Questionnaire\QuestionnaireCore\Questionnaire.Core.csproj", "{597703A9-7332-4E4C-B644-7C550337A012}"
EndProject
Project("{FAE04EC0-301F-11D3-BF4B-00C04F79EFBC}") = "Questionnaire.DAL", "Questionnaire\QuestionnaireData\Questionnaire.DAL.csproj", "{92205CAB-4512-49B4-ACDD-43EBF677CBEE}"
EndProject
Global
	GlobalSection(SolutionConfigurationPlatforms) = preSolution
		Debug|Any CPU = Debug|Any CPU
		Debug|Mixed Platforms = Debug|Mixed Platforms
		Debug|x86 = Debug|x86
		Live|Any CPU = Live|Any CPU
		Live|Mixed Platforms = Live|Mixed Platforms
		Live|x86 = Live|x86
		Live-ADLogin|Any CPU = Live-ADLogin|Any CPU
		Live-ADLogin|Mixed Platforms = Live-ADLogin|Mixed Platforms
		Live-ADLogin|x86 = Live-ADLogin|x86
		localrelease|Any CPU = localrelease|Any CPU
		localrelease|Mixed Platforms = localrelease|Mixed Platforms
		localrelease|x86 = localrelease|x86
		Release|Any CPU = Release|Any CPU
		Release|Mixed Platforms = Release|Mixed Platforms
		Release|x86 = Release|x86
		Staging|Any CPU = Staging|Any CPU
		Staging|Mixed Platforms = Staging|Mixed Platforms
		Staging|x86 = Staging|x86
	EndGlobalSection
	GlobalSection(ProjectConfigurationPlatforms) = postSolution
		{CEEBA40C-B217-45E4-AE76-6D5F744DF2C5}.Debug|Any CPU.ActiveCfg = Debug|Any CPU
		{CEEBA40C-B217-45E4-AE76-6D5F744DF2C5}.Debug|Any CPU.Build.0 = Debug|Any CPU
		{CEEBA40C-B217-45E4-AE76-6D5F744DF2C5}.Debug|Mixed Platforms.ActiveCfg = Debug|Any CPU
		{CEEBA40C-B217-45E4-AE76-6D5F744DF2C5}.Debug|Mixed Platforms.Build.0 = Debug|Any CPU
		{CEEBA40C-B217-45E4-AE76-6D5F744DF2C5}.Debug|x86.ActiveCfg = Debug|Any CPU
		{CEEBA40C-B217-45E4-AE76-6D5F744DF2C5}.Live|Any CPU.ActiveCfg = Live|Any CPU
		{CEEBA40C-B217-45E4-AE76-6D5F744DF2C5}.Live|Any CPU.Build.0 = Live|Any CPU
		{CEEBA40C-B217-45E4-AE76-6D5F744DF2C5}.Live|Mixed Platforms.ActiveCfg = Live|Any CPU
		{CEEBA40C-B217-45E4-AE76-6D5F744DF2C5}.Live|Mixed Platforms.Build.0 = Live|Any CPU
		{CEEBA40C-B217-45E4-AE76-6D5F744DF2C5}.Live|x86.ActiveCfg = Live|Any CPU
		{CEEBA40C-B217-45E4-AE76-6D5F744DF2C5}.Live-ADLogin|Any CPU.ActiveCfg = Live-ADLogin|Any CPU
		{CEEBA40C-B217-45E4-AE76-6D5F744DF2C5}.Live-ADLogin|Any CPU.Build.0 = Live-ADLogin|Any CPU
		{CEEBA40C-B217-45E4-AE76-6D5F744DF2C5}.Live-ADLogin|Mixed Platforms.ActiveCfg = Live-ADLogin|Any CPU
		{CEEBA40C-B217-45E4-AE76-6D5F744DF2C5}.Live-ADLogin|Mixed Platforms.Build.0 = Live-ADLogin|Any CPU
		{CEEBA40C-B217-45E4-AE76-6D5F744DF2C5}.Live-ADLogin|x86.ActiveCfg = Live-ADLogin|Any CPU
		{CEEBA40C-B217-45E4-AE76-6D5F744DF2C5}.localrelease|Any CPU.ActiveCfg = Live-ADLogin|Any CPU
		{CEEBA40C-B217-45E4-AE76-6D5F744DF2C5}.localrelease|Any CPU.Build.0 = Live-ADLogin|Any CPU
		{CEEBA40C-B217-45E4-AE76-6D5F744DF2C5}.localrelease|Mixed Platforms.ActiveCfg = Live-ADLogin|Any CPU
		{CEEBA40C-B217-45E4-AE76-6D5F744DF2C5}.localrelease|Mixed Platforms.Build.0 = Live-ADLogin|Any CPU
		{CEEBA40C-B217-45E4-AE76-6D5F744DF2C5}.localrelease|x86.ActiveCfg = Live-ADLogin|Any CPU
		{CEEBA40C-B217-45E4-AE76-6D5F744DF2C5}.Release|Any CPU.ActiveCfg = Release|Any CPU
		{CEEBA40C-B217-45E4-AE76-6D5F744DF2C5}.Release|Any CPU.Build.0 = Release|Any CPU
		{CEEBA40C-B217-45E4-AE76-6D5F744DF2C5}.Release|Mixed Platforms.ActiveCfg = Release|Any CPU
		{CEEBA40C-B217-45E4-AE76-6D5F744DF2C5}.Release|Mixed Platforms.Build.0 = Release|Any CPU
		{CEEBA40C-B217-45E4-AE76-6D5F744DF2C5}.Release|x86.ActiveCfg = Release|Any CPU
		{CEEBA40C-B217-45E4-AE76-6D5F744DF2C5}.Release|x86.Build.0 = Release|Any CPU
		{CEEBA40C-B217-45E4-AE76-6D5F744DF2C5}.Staging|Any CPU.ActiveCfg = Staging|Any CPU
		{CEEBA40C-B217-45E4-AE76-6D5F744DF2C5}.Staging|Any CPU.Build.0 = Staging|Any CPU
		{CEEBA40C-B217-45E4-AE76-6D5F744DF2C5}.Staging|Mixed Platforms.ActiveCfg = Staging|Any CPU
		{CEEBA40C-B217-45E4-AE76-6D5F744DF2C5}.Staging|Mixed Platforms.Build.0 = Staging|Any CPU
		{CEEBA40C-B217-45E4-AE76-6D5F744DF2C5}.Staging|x86.ActiveCfg = Staging|Any CPU
		{D5B713AD-A039-478C-9623-64581187B0B1}.Debug|Any CPU.ActiveCfg = Debug|Any CPU
		{D5B713AD-A039-478C-9623-64581187B0B1}.Debug|Any CPU.Build.0 = Debug|Any CPU
		{D5B713AD-A039-478C-9623-64581187B0B1}.Debug|Mixed Platforms.ActiveCfg = Debug|Any CPU
		{D5B713AD-A039-478C-9623-64581187B0B1}.Debug|Mixed Platforms.Build.0 = Debug|Any CPU
		{D5B713AD-A039-478C-9623-64581187B0B1}.Debug|x86.ActiveCfg = Debug|Any CPU
		{D5B713AD-A039-478C-9623-64581187B0B1}.Live|Any CPU.ActiveCfg = Live|Any CPU
		{D5B713AD-A039-478C-9623-64581187B0B1}.Live|Any CPU.Build.0 = Live|Any CPU
		{D5B713AD-A039-478C-9623-64581187B0B1}.Live|Mixed Platforms.ActiveCfg = Live|Any CPU
		{D5B713AD-A039-478C-9623-64581187B0B1}.Live|Mixed Platforms.Build.0 = Live|Any CPU
		{D5B713AD-A039-478C-9623-64581187B0B1}.Live|x86.ActiveCfg = Live|Any CPU
		{D5B713AD-A039-478C-9623-64581187B0B1}.Live-ADLogin|Any CPU.ActiveCfg = Live-ADLogin|Any CPU
		{D5B713AD-A039-478C-9623-64581187B0B1}.Live-ADLogin|Any CPU.Build.0 = Live-ADLogin|Any CPU
		{D5B713AD-A039-478C-9623-64581187B0B1}.Live-ADLogin|Mixed Platforms.ActiveCfg = Live-ADLogin|Any CPU
		{D5B713AD-A039-478C-9623-64581187B0B1}.Live-ADLogin|Mixed Platforms.Build.0 = Live-ADLogin|Any CPU
		{D5B713AD-A039-478C-9623-64581187B0B1}.Live-ADLogin|x86.ActiveCfg = Live-ADLogin|Any CPU
		{D5B713AD-A039-478C-9623-64581187B0B1}.localrelease|Any CPU.ActiveCfg = Live-ADLogin|Any CPU
		{D5B713AD-A039-478C-9623-64581187B0B1}.localrelease|Any CPU.Build.0 = Live-ADLogin|Any CPU
		{D5B713AD-A039-478C-9623-64581187B0B1}.localrelease|Mixed Platforms.ActiveCfg = Live-ADLogin|Any CPU
		{D5B713AD-A039-478C-9623-64581187B0B1}.localrelease|Mixed Platforms.Build.0 = Live-ADLogin|Any CPU
		{D5B713AD-A039-478C-9623-64581187B0B1}.localrelease|x86.ActiveCfg = Live-ADLogin|Any CPU
		{D5B713AD-A039-478C-9623-64581187B0B1}.Release|Any CPU.ActiveCfg = Release|Any CPU
		{D5B713AD-A039-478C-9623-64581187B0B1}.Release|Any CPU.Build.0 = Release|Any CPU
		{D5B713AD-A039-478C-9623-64581187B0B1}.Release|Mixed Platforms.ActiveCfg = Release|Any CPU
		{D5B713AD-A039-478C-9623-64581187B0B1}.Release|Mixed Platforms.Build.0 = Release|Any CPU
		{D5B713AD-A039-478C-9623-64581187B0B1}.Release|x86.ActiveCfg = Release|Any CPU
		{D5B713AD-A039-478C-9623-64581187B0B1}.Release|x86.Build.0 = Release|Any CPU
		{D5B713AD-A039-478C-9623-64581187B0B1}.Staging|Any CPU.ActiveCfg = Staging|Any CPU
		{D5B713AD-A039-478C-9623-64581187B0B1}.Staging|Any CPU.Build.0 = Staging|Any CPU
		{D5B713AD-A039-478C-9623-64581187B0B1}.Staging|Mixed Platforms.ActiveCfg = Staging|Any CPU
		{D5B713AD-A039-478C-9623-64581187B0B1}.Staging|Mixed Platforms.Build.0 = Staging|Any CPU
		{D5B713AD-A039-478C-9623-64581187B0B1}.Staging|x86.ActiveCfg = Staging|Any CPU
		{0AC016D4-F5CF-404A-8C75-E453D59CC9A8}.Debug|Any CPU.ActiveCfg = Debug|Any CPU
		{0AC016D4-F5CF-404A-8C75-E453D59CC9A8}.Debug|Any CPU.Build.0 = Debug|Any CPU
		{0AC016D4-F5CF-404A-8C75-E453D59CC9A8}.Debug|Mixed Platforms.ActiveCfg = Debug|Any CPU
		{0AC016D4-F5CF-404A-8C75-E453D59CC9A8}.Debug|Mixed Platforms.Build.0 = Debug|Any CPU
		{0AC016D4-F5CF-404A-8C75-E453D59CC9A8}.Debug|x86.ActiveCfg = Debug|Any CPU
		{0AC016D4-F5CF-404A-8C75-E453D59CC9A8}.Live|Any CPU.ActiveCfg = Live|Any CPU
		{0AC016D4-F5CF-404A-8C75-E453D59CC9A8}.Live|Any CPU.Build.0 = Live|Any CPU
		{0AC016D4-F5CF-404A-8C75-E453D59CC9A8}.Live|Mixed Platforms.ActiveCfg = Live|Any CPU
		{0AC016D4-F5CF-404A-8C75-E453D59CC9A8}.Live|Mixed Platforms.Build.0 = Live|Any CPU
		{0AC016D4-F5CF-404A-8C75-E453D59CC9A8}.Live|x86.ActiveCfg = Live|Any CPU
		{0AC016D4-F5CF-404A-8C75-E453D59CC9A8}.Live-ADLogin|Any CPU.ActiveCfg = Live-ADLogin|Any CPU
		{0AC016D4-F5CF-404A-8C75-E453D59CC9A8}.Live-ADLogin|Any CPU.Build.0 = Live-ADLogin|Any CPU
		{0AC016D4-F5CF-404A-8C75-E453D59CC9A8}.Live-ADLogin|Mixed Platforms.ActiveCfg = Live-ADLogin|Any CPU
		{0AC016D4-F5CF-404A-8C75-E453D59CC9A8}.Live-ADLogin|Mixed Platforms.Build.0 = Live-ADLogin|Any CPU
		{0AC016D4-F5CF-404A-8C75-E453D59CC9A8}.Live-ADLogin|x86.ActiveCfg = Live-ADLogin|Any CPU
		{0AC016D4-F5CF-404A-8C75-E453D59CC9A8}.localrelease|Any CPU.ActiveCfg = Live-ADLogin|Any CPU
		{0AC016D4-F5CF-404A-8C75-E453D59CC9A8}.localrelease|Any CPU.Build.0 = Live-ADLogin|Any CPU
		{0AC016D4-F5CF-404A-8C75-E453D59CC9A8}.localrelease|Mixed Platforms.ActiveCfg = Live-ADLogin|Any CPU
		{0AC016D4-F5CF-404A-8C75-E453D59CC9A8}.localrelease|Mixed Platforms.Build.0 = Live-ADLogin|Any CPU
		{0AC016D4-F5CF-404A-8C75-E453D59CC9A8}.localrelease|x86.ActiveCfg = Live-ADLogin|Any CPU
		{0AC016D4-F5CF-404A-8C75-E453D59CC9A8}.Release|Any CPU.ActiveCfg = Release|Any CPU
		{0AC016D4-F5CF-404A-8C75-E453D59CC9A8}.Release|Any CPU.Build.0 = Release|Any CPU
		{0AC016D4-F5CF-404A-8C75-E453D59CC9A8}.Release|Mixed Platforms.ActiveCfg = Release|Any CPU
		{0AC016D4-F5CF-404A-8C75-E453D59CC9A8}.Release|Mixed Platforms.Build.0 = Release|Any CPU
		{0AC016D4-F5CF-404A-8C75-E453D59CC9A8}.Release|x86.ActiveCfg = Release|Any CPU
		{0AC016D4-F5CF-404A-8C75-E453D59CC9A8}.Release|x86.Build.0 = Release|Any CPU
		{0AC016D4-F5CF-404A-8C75-E453D59CC9A8}.Staging|Any CPU.ActiveCfg = Staging|Any CPU
		{0AC016D4-F5CF-404A-8C75-E453D59CC9A8}.Staging|Any CPU.Build.0 = Staging|Any CPU
		{0AC016D4-F5CF-404A-8C75-E453D59CC9A8}.Staging|Mixed Platforms.ActiveCfg = Staging|Any CPU
		{0AC016D4-F5CF-404A-8C75-E453D59CC9A8}.Staging|Mixed Platforms.Build.0 = Staging|Any CPU
		{0AC016D4-F5CF-404A-8C75-E453D59CC9A8}.Staging|x86.ActiveCfg = Staging|Any CPU
		{C6DD0634-28DD-4C9D-AF6C-B5A6F0CAA8D9}.Debug|Any CPU.ActiveCfg = Debug|Any CPU
		{C6DD0634-28DD-4C9D-AF6C-B5A6F0CAA8D9}.Debug|Any CPU.Build.0 = Debug|Any CPU
		{C6DD0634-28DD-4C9D-AF6C-B5A6F0CAA8D9}.Debug|Mixed Platforms.ActiveCfg = Debug|Any CPU
		{C6DD0634-28DD-4C9D-AF6C-B5A6F0CAA8D9}.Debug|Mixed Platforms.Build.0 = Debug|Any CPU
		{C6DD0634-28DD-4C9D-AF6C-B5A6F0CAA8D9}.Debug|x86.ActiveCfg = Debug|Any CPU
		{C6DD0634-28DD-4C9D-AF6C-B5A6F0CAA8D9}.Live|Any CPU.ActiveCfg = Live|Any CPU
		{C6DD0634-28DD-4C9D-AF6C-B5A6F0CAA8D9}.Live|Any CPU.Build.0 = Live|Any CPU
		{C6DD0634-28DD-4C9D-AF6C-B5A6F0CAA8D9}.Live|Mixed Platforms.ActiveCfg = Live|Any CPU
		{C6DD0634-28DD-4C9D-AF6C-B5A6F0CAA8D9}.Live|Mixed Platforms.Build.0 = Live|Any CPU
		{C6DD0634-28DD-4C9D-AF6C-B5A6F0CAA8D9}.Live|x86.ActiveCfg = Live|Any CPU
		{C6DD0634-28DD-4C9D-AF6C-B5A6F0CAA8D9}.Live-ADLogin|Any CPU.ActiveCfg = Live-ADLogin|Any CPU
		{C6DD0634-28DD-4C9D-AF6C-B5A6F0CAA8D9}.Live-ADLogin|Any CPU.Build.0 = Live-ADLogin|Any CPU
		{C6DD0634-28DD-4C9D-AF6C-B5A6F0CAA8D9}.Live-ADLogin|Mixed Platforms.ActiveCfg = Live-ADLogin|Any CPU
		{C6DD0634-28DD-4C9D-AF6C-B5A6F0CAA8D9}.Live-ADLogin|Mixed Platforms.Build.0 = Live-ADLogin|Any CPU
		{C6DD0634-28DD-4C9D-AF6C-B5A6F0CAA8D9}.Live-ADLogin|x86.ActiveCfg = Live-ADLogin|Any CPU
		{C6DD0634-28DD-4C9D-AF6C-B5A6F0CAA8D9}.localrelease|Any CPU.ActiveCfg = Live-ADLogin|Any CPU
		{C6DD0634-28DD-4C9D-AF6C-B5A6F0CAA8D9}.localrelease|Any CPU.Build.0 = Live-ADLogin|Any CPU
		{C6DD0634-28DD-4C9D-AF6C-B5A6F0CAA8D9}.localrelease|Mixed Platforms.ActiveCfg = Live-ADLogin|Any CPU
		{C6DD0634-28DD-4C9D-AF6C-B5A6F0CAA8D9}.localrelease|Mixed Platforms.Build.0 = Live-ADLogin|Any CPU
		{C6DD0634-28DD-4C9D-AF6C-B5A6F0CAA8D9}.localrelease|x86.ActiveCfg = Live-ADLogin|Any CPU
		{C6DD0634-28DD-4C9D-AF6C-B5A6F0CAA8D9}.Release|Any CPU.ActiveCfg = Release|Any CPU
		{C6DD0634-28DD-4C9D-AF6C-B5A6F0CAA8D9}.Release|Any CPU.Build.0 = Release|Any CPU
		{C6DD0634-28DD-4C9D-AF6C-B5A6F0CAA8D9}.Release|Mixed Platforms.ActiveCfg = Release|Any CPU
		{C6DD0634-28DD-4C9D-AF6C-B5A6F0CAA8D9}.Release|Mixed Platforms.Build.0 = Release|Any CPU
		{C6DD0634-28DD-4C9D-AF6C-B5A6F0CAA8D9}.Release|x86.ActiveCfg = Release|Any CPU
		{C6DD0634-28DD-4C9D-AF6C-B5A6F0CAA8D9}.Release|x86.Build.0 = Release|Any CPU
		{C6DD0634-28DD-4C9D-AF6C-B5A6F0CAA8D9}.Staging|Any CPU.ActiveCfg = Staging|Any CPU
		{C6DD0634-28DD-4C9D-AF6C-B5A6F0CAA8D9}.Staging|Any CPU.Build.0 = Staging|Any CPU
		{C6DD0634-28DD-4C9D-AF6C-B5A6F0CAA8D9}.Staging|Mixed Platforms.ActiveCfg = Staging|Any CPU
		{C6DD0634-28DD-4C9D-AF6C-B5A6F0CAA8D9}.Staging|Mixed Platforms.Build.0 = Staging|Any CPU
		{C6DD0634-28DD-4C9D-AF6C-B5A6F0CAA8D9}.Staging|x86.ActiveCfg = Staging|Any CPU
		{BB8A2E8E-191C-466B-BEDB-CD83D31FF76A}.Debug|Any CPU.ActiveCfg = Debug|Any CPU
		{BB8A2E8E-191C-466B-BEDB-CD83D31FF76A}.Debug|Any CPU.Build.0 = Debug|Any CPU
		{BB8A2E8E-191C-466B-BEDB-CD83D31FF76A}.Debug|Mixed Platforms.ActiveCfg = Debug|Any CPU
		{BB8A2E8E-191C-466B-BEDB-CD83D31FF76A}.Debug|Mixed Platforms.Build.0 = Debug|Any CPU
		{BB8A2E8E-191C-466B-BEDB-CD83D31FF76A}.Debug|x86.ActiveCfg = Debug|Any CPU
		{BB8A2E8E-191C-466B-BEDB-CD83D31FF76A}.Live|Any CPU.ActiveCfg = Live|Any CPU
		{BB8A2E8E-191C-466B-BEDB-CD83D31FF76A}.Live|Any CPU.Build.0 = Live|Any CPU
		{BB8A2E8E-191C-466B-BEDB-CD83D31FF76A}.Live|Mixed Platforms.ActiveCfg = Live|Any CPU
		{BB8A2E8E-191C-466B-BEDB-CD83D31FF76A}.Live|Mixed Platforms.Build.0 = Live|Any CPU
		{BB8A2E8E-191C-466B-BEDB-CD83D31FF76A}.Live|x86.ActiveCfg = Live|Any CPU
		{BB8A2E8E-191C-466B-BEDB-CD83D31FF76A}.Live-ADLogin|Any CPU.ActiveCfg = Live-ADLogin|Any CPU
		{BB8A2E8E-191C-466B-BEDB-CD83D31FF76A}.Live-ADLogin|Any CPU.Build.0 = Live-ADLogin|Any CPU
		{BB8A2E8E-191C-466B-BEDB-CD83D31FF76A}.Live-ADLogin|Mixed Platforms.ActiveCfg = Live-ADLogin|Any CPU
		{BB8A2E8E-191C-466B-BEDB-CD83D31FF76A}.Live-ADLogin|Mixed Platforms.Build.0 = Live-ADLogin|Any CPU
		{BB8A2E8E-191C-466B-BEDB-CD83D31FF76A}.Live-ADLogin|x86.ActiveCfg = Live-ADLogin|Any CPU
		{BB8A2E8E-191C-466B-BEDB-CD83D31FF76A}.localrelease|Any CPU.ActiveCfg = Live-ADLogin|Any CPU
		{BB8A2E8E-191C-466B-BEDB-CD83D31FF76A}.localrelease|Any CPU.Build.0 = Live-ADLogin|Any CPU
		{BB8A2E8E-191C-466B-BEDB-CD83D31FF76A}.localrelease|Mixed Platforms.ActiveCfg = Live-ADLogin|Any CPU
		{BB8A2E8E-191C-466B-BEDB-CD83D31FF76A}.localrelease|Mixed Platforms.Build.0 = Live-ADLogin|Any CPU
		{BB8A2E8E-191C-466B-BEDB-CD83D31FF76A}.localrelease|x86.ActiveCfg = Live-ADLogin|Any CPU
		{BB8A2E8E-191C-466B-BEDB-CD83D31FF76A}.Release|Any CPU.ActiveCfg = Release|Any CPU
		{BB8A2E8E-191C-466B-BEDB-CD83D31FF76A}.Release|Any CPU.Build.0 = Release|Any CPU
		{BB8A2E8E-191C-466B-BEDB-CD83D31FF76A}.Release|Mixed Platforms.ActiveCfg = Release|Any CPU
		{BB8A2E8E-191C-466B-BEDB-CD83D31FF76A}.Release|Mixed Platforms.Build.0 = Release|Any CPU
		{BB8A2E8E-191C-466B-BEDB-CD83D31FF76A}.Release|x86.ActiveCfg = Release|Any CPU
		{BB8A2E8E-191C-466B-BEDB-CD83D31FF76A}.Release|x86.Build.0 = Release|Any CPU
		{BB8A2E8E-191C-466B-BEDB-CD83D31FF76A}.Staging|Any CPU.ActiveCfg = Staging|Any CPU
		{BB8A2E8E-191C-466B-BEDB-CD83D31FF76A}.Staging|Any CPU.Build.0 = Staging|Any CPU
		{BB8A2E8E-191C-466B-BEDB-CD83D31FF76A}.Staging|Mixed Platforms.ActiveCfg = Staging|Any CPU
		{BB8A2E8E-191C-466B-BEDB-CD83D31FF76A}.Staging|Mixed Platforms.Build.0 = Staging|Any CPU
		{BB8A2E8E-191C-466B-BEDB-CD83D31FF76A}.Staging|x86.ActiveCfg = Staging|Any CPU
		{C6B7B55B-9CA1-4C40-A70C-41E5B9257FF7}.Debug|Any CPU.ActiveCfg = Debug|Any CPU
		{C6B7B55B-9CA1-4C40-A70C-41E5B9257FF7}.Debug|Any CPU.Build.0 = Debug|Any CPU
		{C6B7B55B-9CA1-4C40-A70C-41E5B9257FF7}.Debug|Mixed Platforms.ActiveCfg = Debug|Any CPU
		{C6B7B55B-9CA1-4C40-A70C-41E5B9257FF7}.Debug|Mixed Platforms.Build.0 = Debug|Any CPU
		{C6B7B55B-9CA1-4C40-A70C-41E5B9257FF7}.Debug|x86.ActiveCfg = Debug|Any CPU
		{C6B7B55B-9CA1-4C40-A70C-41E5B9257FF7}.Live|Any CPU.ActiveCfg = Live|Any CPU
		{C6B7B55B-9CA1-4C40-A70C-41E5B9257FF7}.Live|Any CPU.Build.0 = Live|Any CPU
		{C6B7B55B-9CA1-4C40-A70C-41E5B9257FF7}.Live|Mixed Platforms.ActiveCfg = Live|Any CPU
		{C6B7B55B-9CA1-4C40-A70C-41E5B9257FF7}.Live|Mixed Platforms.Build.0 = Live|Any CPU
		{C6B7B55B-9CA1-4C40-A70C-41E5B9257FF7}.Live|x86.ActiveCfg = Live|Any CPU
		{C6B7B55B-9CA1-4C40-A70C-41E5B9257FF7}.Live-ADLogin|Any CPU.ActiveCfg = Live|Any CPU
		{C6B7B55B-9CA1-4C40-A70C-41E5B9257FF7}.Live-ADLogin|Any CPU.Build.0 = Live|Any CPU
		{C6B7B55B-9CA1-4C40-A70C-41E5B9257FF7}.Live-ADLogin|Mixed Platforms.ActiveCfg = Live|Any CPU
		{C6B7B55B-9CA1-4C40-A70C-41E5B9257FF7}.Live-ADLogin|Mixed Platforms.Build.0 = Live|Any CPU
		{C6B7B55B-9CA1-4C40-A70C-41E5B9257FF7}.Live-ADLogin|x86.ActiveCfg = Live|Any CPU
		{C6B7B55B-9CA1-4C40-A70C-41E5B9257FF7}.localrelease|Any CPU.ActiveCfg = Live|Any CPU
		{C6B7B55B-9CA1-4C40-A70C-41E5B9257FF7}.localrelease|Any CPU.Build.0 = Live|Any CPU
		{C6B7B55B-9CA1-4C40-A70C-41E5B9257FF7}.localrelease|Mixed Platforms.ActiveCfg = Live|Any CPU
		{C6B7B55B-9CA1-4C40-A70C-41E5B9257FF7}.localrelease|Mixed Platforms.Build.0 = Live|Any CPU
		{C6B7B55B-9CA1-4C40-A70C-41E5B9257FF7}.localrelease|x86.ActiveCfg = Live|Any CPU
		{C6B7B55B-9CA1-4C40-A70C-41E5B9257FF7}.Release|Any CPU.ActiveCfg = Release|Any CPU
		{C6B7B55B-9CA1-4C40-A70C-41E5B9257FF7}.Release|Any CPU.Build.0 = Release|Any CPU
		{C6B7B55B-9CA1-4C40-A70C-41E5B9257FF7}.Release|Mixed Platforms.ActiveCfg = Release|Any CPU
		{C6B7B55B-9CA1-4C40-A70C-41E5B9257FF7}.Release|Mixed Platforms.Build.0 = Release|Any CPU
		{C6B7B55B-9CA1-4C40-A70C-41E5B9257FF7}.Release|x86.ActiveCfg = Release|Any CPU
		{C6B7B55B-9CA1-4C40-A70C-41E5B9257FF7}.Staging|Any CPU.ActiveCfg = Staging|Any CPU
		{C6B7B55B-9CA1-4C40-A70C-41E5B9257FF7}.Staging|Any CPU.Build.0 = Staging|Any CPU
		{C6B7B55B-9CA1-4C40-A70C-41E5B9257FF7}.Staging|Mixed Platforms.ActiveCfg = Staging|Any CPU
		{C6B7B55B-9CA1-4C40-A70C-41E5B9257FF7}.Staging|Mixed Platforms.Build.0 = Staging|Any CPU
		{C6B7B55B-9CA1-4C40-A70C-41E5B9257FF7}.Staging|x86.ActiveCfg = Staging|Any CPU
		{1BFC8C1F-2FE9-4F0E-BCDB-15BB27CFCC2C}.Debug|Any CPU.ActiveCfg = Debug|Any CPU
		{1BFC8C1F-2FE9-4F0E-BCDB-15BB27CFCC2C}.Debug|Any CPU.Build.0 = Debug|Any CPU
		{1BFC8C1F-2FE9-4F0E-BCDB-15BB27CFCC2C}.Debug|Mixed Platforms.ActiveCfg = Debug|Any CPU
		{1BFC8C1F-2FE9-4F0E-BCDB-15BB27CFCC2C}.Debug|Mixed Platforms.Build.0 = Debug|Any CPU
		{1BFC8C1F-2FE9-4F0E-BCDB-15BB27CFCC2C}.Debug|x86.ActiveCfg = Debug|Any CPU
		{1BFC8C1F-2FE9-4F0E-BCDB-15BB27CFCC2C}.Live|Any CPU.ActiveCfg = Release|Any CPU
		{1BFC8C1F-2FE9-4F0E-BCDB-15BB27CFCC2C}.Live|Any CPU.Build.0 = Release|Any CPU
		{1BFC8C1F-2FE9-4F0E-BCDB-15BB27CFCC2C}.Live|Mixed Platforms.ActiveCfg = Release|Any CPU
		{1BFC8C1F-2FE9-4F0E-BCDB-15BB27CFCC2C}.Live|Mixed Platforms.Build.0 = Release|Any CPU
		{1BFC8C1F-2FE9-4F0E-BCDB-15BB27CFCC2C}.Live|x86.ActiveCfg = Release|Any CPU
		{1BFC8C1F-2FE9-4F0E-BCDB-15BB27CFCC2C}.Live-ADLogin|Any CPU.ActiveCfg = Release|Any CPU
		{1BFC8C1F-2FE9-4F0E-BCDB-15BB27CFCC2C}.Live-ADLogin|Any CPU.Build.0 = Release|Any CPU
		{1BFC8C1F-2FE9-4F0E-BCDB-15BB27CFCC2C}.Live-ADLogin|Mixed Platforms.ActiveCfg = Release|Any CPU
		{1BFC8C1F-2FE9-4F0E-BCDB-15BB27CFCC2C}.Live-ADLogin|Mixed Platforms.Build.0 = Release|Any CPU
		{1BFC8C1F-2FE9-4F0E-BCDB-15BB27CFCC2C}.Live-ADLogin|x86.ActiveCfg = Release|Any CPU
		{1BFC8C1F-2FE9-4F0E-BCDB-15BB27CFCC2C}.localrelease|Any CPU.ActiveCfg = Release|Any CPU
		{1BFC8C1F-2FE9-4F0E-BCDB-15BB27CFCC2C}.localrelease|Any CPU.Build.0 = Release|Any CPU
		{1BFC8C1F-2FE9-4F0E-BCDB-15BB27CFCC2C}.localrelease|Mixed Platforms.ActiveCfg = Release|Any CPU
		{1BFC8C1F-2FE9-4F0E-BCDB-15BB27CFCC2C}.localrelease|Mixed Platforms.Build.0 = Release|Any CPU
		{1BFC8C1F-2FE9-4F0E-BCDB-15BB27CFCC2C}.localrelease|x86.ActiveCfg = Release|Any CPU
		{1BFC8C1F-2FE9-4F0E-BCDB-15BB27CFCC2C}.Release|Any CPU.ActiveCfg = Release|Any CPU
		{1BFC8C1F-2FE9-4F0E-BCDB-15BB27CFCC2C}.Release|Any CPU.Build.0 = Release|Any CPU
		{1BFC8C1F-2FE9-4F0E-BCDB-15BB27CFCC2C}.Release|Mixed Platforms.ActiveCfg = Release|Any CPU
		{1BFC8C1F-2FE9-4F0E-BCDB-15BB27CFCC2C}.Release|Mixed Platforms.Build.0 = Release|Any CPU
		{1BFC8C1F-2FE9-4F0E-BCDB-15BB27CFCC2C}.Release|x86.ActiveCfg = Release|Any CPU
		{1BFC8C1F-2FE9-4F0E-BCDB-15BB27CFCC2C}.Staging|Any CPU.ActiveCfg = Release|Any CPU
		{1BFC8C1F-2FE9-4F0E-BCDB-15BB27CFCC2C}.Staging|Any CPU.Build.0 = Release|Any CPU
		{1BFC8C1F-2FE9-4F0E-BCDB-15BB27CFCC2C}.Staging|Mixed Platforms.ActiveCfg = Release|Any CPU
		{1BFC8C1F-2FE9-4F0E-BCDB-15BB27CFCC2C}.Staging|Mixed Platforms.Build.0 = Release|Any CPU
		{1BFC8C1F-2FE9-4F0E-BCDB-15BB27CFCC2C}.Staging|x86.ActiveCfg = Release|Any CPU
		{F2C9CE7E-2CBD-4A62-80A0-C6A4E025A4B7}.Debug|Any CPU.ActiveCfg = Debug|Any CPU
		{F2C9CE7E-2CBD-4A62-80A0-C6A4E025A4B7}.Debug|Any CPU.Build.0 = Debug|Any CPU
		{F2C9CE7E-2CBD-4A62-80A0-C6A4E025A4B7}.Debug|Mixed Platforms.ActiveCfg = Debug|Any CPU
		{F2C9CE7E-2CBD-4A62-80A0-C6A4E025A4B7}.Debug|Mixed Platforms.Build.0 = Debug|Any CPU
		{F2C9CE7E-2CBD-4A62-80A0-C6A4E025A4B7}.Debug|x86.ActiveCfg = Debug|Any CPU
		{F2C9CE7E-2CBD-4A62-80A0-C6A4E025A4B7}.Live|Any CPU.ActiveCfg = Release|Any CPU
		{F2C9CE7E-2CBD-4A62-80A0-C6A4E025A4B7}.Live|Any CPU.Build.0 = Release|Any CPU
		{F2C9CE7E-2CBD-4A62-80A0-C6A4E025A4B7}.Live|Mixed Platforms.ActiveCfg = Release|Any CPU
		{F2C9CE7E-2CBD-4A62-80A0-C6A4E025A4B7}.Live|Mixed Platforms.Build.0 = Release|Any CPU
		{F2C9CE7E-2CBD-4A62-80A0-C6A4E025A4B7}.Live|x86.ActiveCfg = Release|Any CPU
		{F2C9CE7E-2CBD-4A62-80A0-C6A4E025A4B7}.Live-ADLogin|Any CPU.ActiveCfg = Release|Any CPU
		{F2C9CE7E-2CBD-4A62-80A0-C6A4E025A4B7}.Live-ADLogin|Any CPU.Build.0 = Release|Any CPU
		{F2C9CE7E-2CBD-4A62-80A0-C6A4E025A4B7}.Live-ADLogin|Mixed Platforms.ActiveCfg = Release|Any CPU
		{F2C9CE7E-2CBD-4A62-80A0-C6A4E025A4B7}.Live-ADLogin|Mixed Platforms.Build.0 = Release|Any CPU
		{F2C9CE7E-2CBD-4A62-80A0-C6A4E025A4B7}.Live-ADLogin|x86.ActiveCfg = Release|Any CPU
		{F2C9CE7E-2CBD-4A62-80A0-C6A4E025A4B7}.localrelease|Any CPU.ActiveCfg = Release|Any CPU
		{F2C9CE7E-2CBD-4A62-80A0-C6A4E025A4B7}.localrelease|Any CPU.Build.0 = Release|Any CPU
		{F2C9CE7E-2CBD-4A62-80A0-C6A4E025A4B7}.localrelease|Mixed Platforms.ActiveCfg = Release|Any CPU
		{F2C9CE7E-2CBD-4A62-80A0-C6A4E025A4B7}.localrelease|Mixed Platforms.Build.0 = Release|Any CPU
		{F2C9CE7E-2CBD-4A62-80A0-C6A4E025A4B7}.localrelease|x86.ActiveCfg = Release|Any CPU
		{F2C9CE7E-2CBD-4A62-80A0-C6A4E025A4B7}.Release|Any CPU.ActiveCfg = Release|Any CPU
		{F2C9CE7E-2CBD-4A62-80A0-C6A4E025A4B7}.Release|Any CPU.Build.0 = Release|Any CPU
		{F2C9CE7E-2CBD-4A62-80A0-C6A4E025A4B7}.Release|Mixed Platforms.ActiveCfg = Release|Any CPU
		{F2C9CE7E-2CBD-4A62-80A0-C6A4E025A4B7}.Release|Mixed Platforms.Build.0 = Release|Any CPU
		{F2C9CE7E-2CBD-4A62-80A0-C6A4E025A4B7}.Release|x86.ActiveCfg = Release|Any CPU
		{F2C9CE7E-2CBD-4A62-80A0-C6A4E025A4B7}.Staging|Any CPU.ActiveCfg = Release|Any CPU
		{F2C9CE7E-2CBD-4A62-80A0-C6A4E025A4B7}.Staging|Any CPU.Build.0 = Release|Any CPU
		{F2C9CE7E-2CBD-4A62-80A0-C6A4E025A4B7}.Staging|Mixed Platforms.ActiveCfg = Release|Any CPU
		{F2C9CE7E-2CBD-4A62-80A0-C6A4E025A4B7}.Staging|Mixed Platforms.Build.0 = Release|Any CPU
		{F2C9CE7E-2CBD-4A62-80A0-C6A4E025A4B7}.Staging|x86.ActiveCfg = Release|Any CPU
		{597703A9-7332-4E4C-B644-7C550337A012}.Debug|Any CPU.ActiveCfg = Debug|Any CPU
		{597703A9-7332-4E4C-B644-7C550337A012}.Debug|Any CPU.Build.0 = Debug|Any CPU
		{597703A9-7332-4E4C-B644-7C550337A012}.Debug|Mixed Platforms.ActiveCfg = Debug|Any CPU
		{597703A9-7332-4E4C-B644-7C550337A012}.Debug|Mixed Platforms.Build.0 = Debug|Any CPU
		{597703A9-7332-4E4C-B644-7C550337A012}.Debug|x86.ActiveCfg = Debug|Any CPU
		{597703A9-7332-4E4C-B644-7C550337A012}.Live|Any CPU.ActiveCfg = Live|Any CPU
		{597703A9-7332-4E4C-B644-7C550337A012}.Live|Any CPU.Build.0 = Live|Any CPU
		{597703A9-7332-4E4C-B644-7C550337A012}.Live|Mixed Platforms.ActiveCfg = Live|Any CPU
		{597703A9-7332-4E4C-B644-7C550337A012}.Live|Mixed Platforms.Build.0 = Live|Any CPU
		{597703A9-7332-4E4C-B644-7C550337A012}.Live|x86.ActiveCfg = Live|Any CPU
		{597703A9-7332-4E4C-B644-7C550337A012}.Live-ADLogin|Any CPU.ActiveCfg = Live-ADLogin|Any CPU
		{597703A9-7332-4E4C-B644-7C550337A012}.Live-ADLogin|Any CPU.Build.0 = Live-ADLogin|Any CPU
		{597703A9-7332-4E4C-B644-7C550337A012}.Live-ADLogin|Mixed Platforms.ActiveCfg = Live-ADLogin|Any CPU
		{597703A9-7332-4E4C-B644-7C550337A012}.Live-ADLogin|Mixed Platforms.Build.0 = Live-ADLogin|Any CPU
		{597703A9-7332-4E4C-B644-7C550337A012}.Live-ADLogin|x86.ActiveCfg = Live-ADLogin|Any CPU
		{597703A9-7332-4E4C-B644-7C550337A012}.localrelease|Any CPU.ActiveCfg = localrelease|Any CPU
		{597703A9-7332-4E4C-B644-7C550337A012}.localrelease|Any CPU.Build.0 = localrelease|Any CPU
		{597703A9-7332-4E4C-B644-7C550337A012}.localrelease|Mixed Platforms.ActiveCfg = localrelease|Any CPU
		{597703A9-7332-4E4C-B644-7C550337A012}.localrelease|Mixed Platforms.Build.0 = localrelease|Any CPU
		{597703A9-7332-4E4C-B644-7C550337A012}.localrelease|x86.ActiveCfg = localrelease|Any CPU
		{597703A9-7332-4E4C-B644-7C550337A012}.Release|Any CPU.ActiveCfg = Release|Any CPU
		{597703A9-7332-4E4C-B644-7C550337A012}.Release|Any CPU.Build.0 = Release|Any CPU
		{597703A9-7332-4E4C-B644-7C550337A012}.Release|Mixed Platforms.ActiveCfg = Release|Any CPU
		{597703A9-7332-4E4C-B644-7C550337A012}.Release|Mixed Platforms.Build.0 = Release|Any CPU
		{597703A9-7332-4E4C-B644-7C550337A012}.Release|x86.ActiveCfg = Release|Any CPU
		{597703A9-7332-4E4C-B644-7C550337A012}.Staging|Any CPU.ActiveCfg = Staging|Any CPU
		{597703A9-7332-4E4C-B644-7C550337A012}.Staging|Any CPU.Build.0 = Staging|Any CPU
		{597703A9-7332-4E4C-B644-7C550337A012}.Staging|Mixed Platforms.ActiveCfg = Staging|Any CPU
		{597703A9-7332-4E4C-B644-7C550337A012}.Staging|Mixed Platforms.Build.0 = Staging|Any CPU
		{597703A9-7332-4E4C-B644-7C550337A012}.Staging|x86.ActiveCfg = Staging|Any CPU
		{92205CAB-4512-49B4-ACDD-43EBF677CBEE}.Debug|Any CPU.ActiveCfg = Debug|Any CPU
		{92205CAB-4512-49B4-ACDD-43EBF677CBEE}.Debug|Any CPU.Build.0 = Debug|Any CPU
		{92205CAB-4512-49B4-ACDD-43EBF677CBEE}.Debug|Mixed Platforms.ActiveCfg = Debug|Any CPU
		{92205CAB-4512-49B4-ACDD-43EBF677CBEE}.Debug|Mixed Platforms.Build.0 = Debug|Any CPU
		{92205CAB-4512-49B4-ACDD-43EBF677CBEE}.Debug|x86.ActiveCfg = Debug|Any CPU
		{92205CAB-4512-49B4-ACDD-43EBF677CBEE}.Live|Any CPU.ActiveCfg = Live|Any CPU
		{92205CAB-4512-49B4-ACDD-43EBF677CBEE}.Live|Any CPU.Build.0 = Live|Any CPU
		{92205CAB-4512-49B4-ACDD-43EBF677CBEE}.Live|Mixed Platforms.ActiveCfg = Live|Any CPU
		{92205CAB-4512-49B4-ACDD-43EBF677CBEE}.Live|Mixed Platforms.Build.0 = Live|Any CPU
		{92205CAB-4512-49B4-ACDD-43EBF677CBEE}.Live|x86.ActiveCfg = Live|Any CPU
		{92205CAB-4512-49B4-ACDD-43EBF677CBEE}.Live-ADLogin|Any CPU.ActiveCfg = Live-ADLogin|Any CPU
		{92205CAB-4512-49B4-ACDD-43EBF677CBEE}.Live-ADLogin|Any CPU.Build.0 = Live-ADLogin|Any CPU
		{92205CAB-4512-49B4-ACDD-43EBF677CBEE}.Live-ADLogin|Mixed Platforms.ActiveCfg = Live-ADLogin|Any CPU
		{92205CAB-4512-49B4-ACDD-43EBF677CBEE}.Live-ADLogin|Mixed Platforms.Build.0 = Live-ADLogin|Any CPU
		{92205CAB-4512-49B4-ACDD-43EBF677CBEE}.Live-ADLogin|x86.ActiveCfg = Live-ADLogin|Any CPU
		{92205CAB-4512-49B4-ACDD-43EBF677CBEE}.localrelease|Any CPU.ActiveCfg = localrelease|Any CPU
		{92205CAB-4512-49B4-ACDD-43EBF677CBEE}.localrelease|Any CPU.Build.0 = localrelease|Any CPU
		{92205CAB-4512-49B4-ACDD-43EBF677CBEE}.localrelease|Mixed Platforms.ActiveCfg = localrelease|Any CPU
		{92205CAB-4512-49B4-ACDD-43EBF677CBEE}.localrelease|Mixed Platforms.Build.0 = localrelease|Any CPU
		{92205CAB-4512-49B4-ACDD-43EBF677CBEE}.localrelease|x86.ActiveCfg = localrelease|Any CPU
		{92205CAB-4512-49B4-ACDD-43EBF677CBEE}.Release|Any CPU.ActiveCfg = Release|Any CPU
		{92205CAB-4512-49B4-ACDD-43EBF677CBEE}.Release|Any CPU.Build.0 = Release|Any CPU
		{92205CAB-4512-49B4-ACDD-43EBF677CBEE}.Release|Mixed Platforms.ActiveCfg = Release|Any CPU
		{92205CAB-4512-49B4-ACDD-43EBF677CBEE}.Release|Mixed Platforms.Build.0 = Release|Any CPU
		{92205CAB-4512-49B4-ACDD-43EBF677CBEE}.Release|x86.ActiveCfg = Release|Any CPU
		{92205CAB-4512-49B4-ACDD-43EBF677CBEE}.Staging|Any CPU.ActiveCfg = Staging|Any CPU
		{92205CAB-4512-49B4-ACDD-43EBF677CBEE}.Staging|Any CPU.Build.0 = Staging|Any CPU
		{92205CAB-4512-49B4-ACDD-43EBF677CBEE}.Staging|Mixed Platforms.ActiveCfg = Staging|Any CPU
		{92205CAB-4512-49B4-ACDD-43EBF677CBEE}.Staging|Mixed Platforms.Build.0 = Staging|Any CPU
		{92205CAB-4512-49B4-ACDD-43EBF677CBEE}.Staging|x86.ActiveCfg = Staging|Any CPU
	EndGlobalSection
	GlobalSection(SolutionProperties) = preSolution
		HideSolutionNode = FALSE
	EndGlobalSection
	GlobalSection(NestedProjects) = preSolution
		{BB8A2E8E-191C-466B-BEDB-CD83D31FF76A} = {32A64F01-2CD5-46C7-BB74-6E64AB9E201B}
		{1BFC8C1F-2FE9-4F0E-BCDB-15BB27CFCC2C} = {32A64F01-2CD5-46C7-BB74-6E64AB9E201B}
		{F2C9CE7E-2CBD-4A62-80A0-C6A4E025A4B7} = {32A64F01-2CD5-46C7-BB74-6E64AB9E201B}
		{597703A9-7332-4E4C-B644-7C550337A012} = {8B18F17C-276A-439B-B12A-CB9F35153A21}
		{92205CAB-4512-49B4-ACDD-43EBF677CBEE} = {8B18F17C-276A-439B-B12A-CB9F35153A21}
	EndGlobalSection
	GlobalSection(TeamFoundationVersionControl) = preSolution
		SccNumberOfProjects = 11
		SccEnterpriseProvider = {4CA58AB2-18FA-4F8D-95D4-32DDF27D184C}
		SccTeamFoundationServer = https://healthlines.visualstudio.com/
		SccLocalPath0 = .
		SccProjectUniqueName1 = ElephantParade.Web\\ElephantParade.Web.csproj
		SccProjectName1 = ElephantParade.Web
		SccLocalPath1 = ElephantParade.Web
		SccProjectUniqueName2 = ElephantParade.Domain\\ElephantParade.Domain.csproj
		SccProjectName2 = ElephantParade.Domain
		SccLocalPath2 = ElephantParade.Domain
		SccProjectUniqueName3 = ElephantParade.Core\\ElephantParade.Core.csproj
		SccProjectName3 = ElephantParade.Core
		SccLocalPath3 = ElephantParade.Core
		SccProjectUniqueName4 = ElephantParade.DAL\\ElephantParade.DAL.csproj
		SccProjectName4 = ElephantParade.DAL
		SccLocalPath4 = ElephantParade.DAL
		SccProjectUniqueName5 = ..\\UnitTests\\ElephantParade.Core.Tests\\ElephantParade.Core.Tests.csproj
		SccProjectTopLevelParentUniqueName5 = ElephantParade.sln
		SccProjectName5 = ../UnitTests/ElephantParade.Core.Tests
		SccLocalPath5 = ..\\UnitTests\\ElephantParade.Core.Tests
		SccProjectUniqueName6 = ElephantParade.DocumentGenerator\\ElephantParade.DocumentGenerator.csproj
		SccProjectName6 = ElephantParade.DocumentGenerator
		SccLocalPath6 = ElephantParade.DocumentGenerator
		SccProjectUniqueName7 = ..\\UnitTests\\NHSD.ElephantParade.Web.Tests\\NHSD.ElephantParade.Web.Tests.csproj
		SccProjectTopLevelParentUniqueName7 = ElephantParade.sln
		SccProjectName7 = ../UnitTests/NHSD.ElephantParade.Web.Tests
		SccLocalPath7 = ..\\UnitTests\\NHSD.ElephantParade.Web.Tests
		SccProjectUniqueName8 = ..\\UnitTests\\NHSD.ElephantParade.DocumentGenerator.Tests\\NHSD.ElephantParade.DocumentGenerator.Tests.csproj
		SccProjectTopLevelParentUniqueName8 = ElephantParade.sln
		SccProjectName8 = ../UnitTests/NHSD.ElephantParade.DocumentGenerator.Tests
		SccLocalPath8 = ..\\UnitTests\\NHSD.ElephantParade.DocumentGenerator.Tests
		SccProjectUniqueName9 = ..\\..\\Questionnaire\u0020and\u0020Queue\u0020Management\\Questionnaire\\QuestionnaireCore\\Questionnaire.Core.csproj
		SccProjectTopLevelParentUniqueName9 = ElephantParade.sln
		SccProjectName9 = ../../Questionnaire\u0020and\u0020Queue\u0020Management/Questionnaire/QuestionnaireCore
		SccLocalPath9 = ..\\..\\Questionnaire\u0020and\u0020Queue\u0020Management\\Questionnaire\\QuestionnaireCore
		SccProjectUniqueName10 = ..\\..\\Questionnaire\u0020and\u0020Queue\u0020Management\\Questionnaire\\QuestionnaireData\\Questionnaire.DAL.csproj
		SccProjectTopLevelParentUniqueName10 = ElephantParade.sln
		SccProjectName10 = ../../Questionnaire\u0020and\u0020Queue\u0020Management/Questionnaire/QuestionnaireData
		SccLocalPath10 = ..\\..\\Questionnaire\u0020and\u0020Queue\u0020Management\\Questionnaire\\QuestionnaireData
	EndGlobalSection
	GlobalSection(TestCaseManagementSettings) = postSolution
		CategoryFile = ElephantParade.vsmdi
	EndGlobalSection
EndGlobal
